
Microsoft Visual Studio Solution File, Format Version 12.00
# Visual Studio 15
VisualStudioVersion = 15.0.28010.2048
MinimumVisualStudioVersion = 10.0.40219.1
Project("{FAE04EC0-301F-11D3-BF4B-00C04F79EFBC}") = "UnicabApp.Android", "UnicabApp\UnicabApp.Android\UnicabApp.Android.csproj", "{36A1887E-3ADD-43BB-99F7-7F593B36DB94}"
EndProject
Project("{FAE04EC0-301F-11D3-BF4B-00C04F79EFBC}") = "UnicabApp.iOS", "UnicabApp\UnicabApp.iOS\UnicabApp.iOS.csproj", "{BD2FA5D1-6159-4890-B718-F0657E56F2E3}"
EndProject
Project("{9A19103F-16F7-4668-BE54-9A1E7A4F7556}") = "UnicabApp", "UnicabApp\UnicabApp\UnicabApp.csproj", "{821E8365-9D2F-420C-B33A-010B01805CCF}"
EndProject
Global
	GlobalSection(SolutionConfigurationPlatforms) = preSolution
		Ad-Hoc|Any CPU = Ad-Hoc|Any CPU
		Ad-Hoc|iPhone = Ad-Hoc|iPhone
		Ad-Hoc|iPhoneSimulator = Ad-Hoc|iPhoneSimulator
		AppStore|Any CPU = AppStore|Any CPU
		AppStore|iPhone = AppStore|iPhone
		AppStore|iPhoneSimulator = AppStore|iPhoneSimulator
		Debug|Any CPU = Debug|Any CPU
		Debug|iPhone = Debug|iPhone
		Debug|iPhoneSimulator = Debug|iPhoneSimulator
		Release|Any CPU = Release|Any CPU
		Release|iPhone = Release|iPhone
		Release|iPhoneSimulator = Release|iPhoneSimulator
	EndGlobalSection
	GlobalSection(ProjectConfigurationPlatforms) = postSolution
		{36A1887E-3ADD-43BB-99F7-7F593B36DB94}.Ad-Hoc|Any CPU.ActiveCfg = Release|Any CPU
		{36A1887E-3ADD-43BB-99F7-7F593B36DB94}.Ad-Hoc|Any CPU.Build.0 = Release|Any CPU
		{36A1887E-3ADD-43BB-99F7-7F593B36DB94}.Ad-Hoc|Any CPU.Deploy.0 = Release|Any CPU
		{36A1887E-3ADD-43BB-99F7-7F593B36DB94}.Ad-Hoc|iPhone.ActiveCfg = Release|Any CPU
		{36A1887E-3ADD-43BB-99F7-7F593B36DB94}.Ad-Hoc|iPhone.Build.0 = Release|Any CPU
		{36A1887E-3ADD-43BB-99F7-7F593B36DB94}.Ad-Hoc|iPhone.Deploy.0 = Release|Any CPU
		{36A1887E-3ADD-43BB-99F7-7F593B36DB94}.Ad-Hoc|iPhoneSimulator.ActiveCfg = Release|Any CPU
		{36A1887E-3ADD-43BB-99F7-7F593B36DB94}.Ad-Hoc|iPhoneSimulator.Build.0 = Release|Any CPU
		{36A1887E-3ADD-43BB-99F7-7F593B36DB94}.Ad-Hoc|iPhoneSimulator.Deploy.0 = Release|Any CPU
		{36A1887E-3ADD-43BB-99F7-7F593B36DB94}.AppStore|Any CPU.ActiveCfg = Release|Any CPU
		{36A1887E-3ADD-43BB-99F7-7F593B36DB94}.AppStore|Any CPU.Build.0 = Release|Any CPU
		{36A1887E-3ADD-43BB-99F7-7F593B36DB94}.AppStore|Any CPU.Deploy.0 = Release|Any CPU
		{36A1887E-3ADD-43BB-99F7-7F593B36DB94}.AppStore|iPhone.ActiveCfg = Release|Any CPU
		{36A1887E-3ADD-43BB-99F7-7F593B36DB94}.AppStore|iPhone.Build.0 = Release|Any CPU
		{36A1887E-3ADD-43BB-99F7-7F593B36DB94}.AppStore|iPhone.Deploy.0 = Release|Any CPU
		{36A1887E-3ADD-43BB-99F7-7F593B36DB94}.AppStore|iPhoneSimulator.ActiveCfg = Release|Any CPU
		{36A1887E-3ADD-43BB-99F7-7F593B36DB94}.AppStore|iPhoneSimulator.Build.0 = Release|Any CPU
		{36A1887E-3ADD-43BB-99F7-7F593B36DB94}.AppStore|iPhoneSimulator.Deploy.0 = Release|Any CPU
		{36A1887E-3ADD-43BB-99F7-7F593B36DB94}.Debug|Any CPU.ActiveCfg = Debug|Any CPU
		{36A1887E-3ADD-43BB-99F7-7F593B36DB94}.Debug|Any CPU.Build.0 = Debug|Any CPU
		{36A1887E-3ADD-43BB-99F7-7F593B36DB94}.Debug|Any CPU.Deploy.0 = Debug|Any CPU
		{36A1887E-3ADD-43BB-99F7-7F593B36DB94}.Debug|iPhone.ActiveCfg = Debug|Any CPU
		{36A1887E-3ADD-43BB-99F7-7F593B36DB94}.Debug|iPhone.Build.0 = Debug|Any CPU
		{36A1887E-3ADD-43BB-99F7-7F593B36DB94}.Debug|iPhone.Deploy.0 = Debug|Any CPU
		{36A1887E-3ADD-43BB-99F7-7F593B36DB94}.Debug|iPhoneSimulator.ActiveCfg = Debug|Any CPU
		{36A1887E-3ADD-43BB-99F7-7F593B36DB94}.Debug|iPhoneSimulator.Build.0 = Debug|Any CPU
		{36A1887E-3ADD-43BB-99F7-7F593B36DB94}.Debug|iPhoneSimulator.Deploy.0 = Debug|Any CPU
		{36A1887E-3ADD-43BB-99F7-7F593B36DB94}.Release|Any CPU.ActiveCfg = Release|Any CPU
		{36A1887E-3ADD-43BB-99F7-7F593B36DB94}.Release|Any CPU.Build.0 = Release|Any CPU
		{36A1887E-3ADD-43BB-99F7-7F593B36DB94}.Release|Any CPU.Deploy.0 = Release|Any CPU
		{36A1887E-3ADD-43BB-99F7-7F593B36DB94}.Release|iPhone.ActiveCfg = Release|Any CPU
		{36A1887E-3ADD-43BB-99F7-7F593B36DB94}.Release|iPhone.Build.0 = Release|Any CPU
		{36A1887E-3ADD-43BB-99F7-7F593B36DB94}.Release|iPhone.Deploy.0 = Release|Any CPU
		{36A1887E-3ADD-43BB-99F7-7F593B36DB94}.Release|iPhoneSimulator.ActiveCfg = Release|Any CPU
		{36A1887E-3ADD-43BB-99F7-7F593B36DB94}.Release|iPhoneSimulator.Build.0 = Release|Any CPU
		{36A1887E-3ADD-43BB-99F7-7F593B36DB94}.Release|iPhoneSimulator.Deploy.0 = Release|Any CPU
		{BD2FA5D1-6159-4890-B718-F0657E56F2E3}.Ad-Hoc|Any CPU.ActiveCfg = Ad-Hoc|iPhone
		{BD2FA5D1-6159-4890-B718-F0657E56F2E3}.Ad-Hoc|Any CPU.Build.0 = Ad-Hoc|iPhone
		{BD2FA5D1-6159-4890-B718-F0657E56F2E3}.Ad-Hoc|Any CPU.Deploy.0 = Ad-Hoc|iPhone
		{BD2FA5D1-6159-4890-B718-F0657E56F2E3}.Ad-Hoc|iPhone.ActiveCfg = Ad-Hoc|iPhone
		{BD2FA5D1-6159-4890-B718-F0657E56F2E3}.Ad-Hoc|iPhone.Build.0 = Ad-Hoc|iPhone
		{BD2FA5D1-6159-4890-B718-F0657E56F2E3}.Ad-Hoc|iPhone.Deploy.0 = Ad-Hoc|iPhone
		{BD2FA5D1-6159-4890-B718-F0657E56F2E3}.Ad-Hoc|iPhoneSimulator.ActiveCfg = Ad-Hoc|iPhoneSimulator
		{BD2FA5D1-6159-4890-B718-F0657E56F2E3}.Ad-Hoc|iPhoneSimulator.Build.0 = Ad-Hoc|iPhoneSimulator
		{BD2FA5D1-6159-4890-B718-F0657E56F2E3}.Ad-Hoc|iPhoneSimulator.Deploy.0 = Ad-Hoc|iPhoneSimulator
		{BD2FA5D1-6159-4890-B718-F0657E56F2E3}.AppStore|Any CPU.ActiveCfg = AppStore|iPhone
		{BD2FA5D1-6159-4890-B718-F0657E56F2E3}.AppStore|Any CPU.Build.0 = AppStore|iPhone
		{BD2FA5D1-6159-4890-B718-F0657E56F2E3}.AppStore|Any CPU.Deploy.0 = AppStore|iPhone
		{BD2FA5D1-6159-4890-B718-F0657E56F2E3}.AppStore|iPhone.ActiveCfg = AppStore|iPhone
		{BD2FA5D1-6159-4890-B718-F0657E56F2E3}.AppStore|iPhone.Build.0 = AppStore|iPhone
		{BD2FA5D1-6159-4890-B718-F0657E56F2E3}.AppStore|iPhone.Deploy.0 = AppStore|iPhone
		{BD2FA5D1-6159-4890-B718-F0657E56F2E3}.AppStore|iPhoneSimulator.ActiveCfg = AppStore|iPhoneSimulator
		{BD2FA5D1-6159-4890-B718-F0657E56F2E3}.AppStore|iPhoneSimulator.Build.0 = AppStore|iPhoneSimulator
		{BD2FA5D1-6159-4890-B718-F0657E56F2E3}.AppStore|iPhoneSimulator.Deploy.0 = AppStore|iPhoneSimulator
		{BD2FA5D1-6159-4890-B718-F0657E56F2E3}.Debug|Any CPU.ActiveCfg = Debug|iPhoneSimulator
		{BD2FA5D1-6159-4890-B718-F0657E56F2E3}.Debug|Any CPU.Deploy.0 = Debug|iPhoneSimulator
		{BD2FA5D1-6159-4890-B718-F0657E56F2E3}.Debug|iPhone.ActiveCfg = Debug|iPhone
		{BD2FA5D1-6159-4890-B718-F0657E56F2E3}.Debug|iPhone.Build.0 = Debug|iPhone
		{BD2FA5D1-6159-4890-B718-F0657E56F2E3}.Debug|iPhone.Deploy.0 = Debug|iPhone
		{BD2FA5D1-6159-4890-B718-F0657E56F2E3}.Debug|iPhoneSimulator.ActiveCfg = Debug|iPhoneSimulator
		{BD2FA5D1-6159-4890-B718-F0657E56F2E3}.Debug|iPhoneSimulator.Build.0 = Debug|iPhoneSimulator
		{BD2FA5D1-6159-4890-B718-F0657E56F2E3}.Debug|iPhoneSimulator.Deploy.0 = Debug|iPhoneSimulator
		{BD2FA5D1-6159-4890-B718-F0657E56F2E3}.Release|Any CPU.ActiveCfg = Release|iPhone
		{BD2FA5D1-6159-4890-B718-F0657E56F2E3}.Release|Any CPU.Build.0 = Release|iPhone
		{BD2FA5D1-6159-4890-B718-F0657E56F2E3}.Release|Any CPU.Deploy.0 = Release|iPhone
		{BD2FA5D1-6159-4890-B718-F0657E56F2E3}.Release|iPhone.ActiveCfg = Release|iPhone
		{BD2FA5D1-6159-4890-B718-F0657E56F2E3}.Release|iPhone.Build.0 = Release|iPhone
		{BD2FA5D1-6159-4890-B718-F0657E56F2E3}.Release|iPhone.Deploy.0 = Release|iPhone
		{BD2FA5D1-6159-4890-B718-F0657E56F2E3}.Release|iPhoneSimulator.ActiveCfg = Release|iPhoneSimulator
		{BD2FA5D1-6159-4890-B718-F0657E56F2E3}.Release|iPhoneSimulator.Build.0 = Release|iPhoneSimulator
		{BD2FA5D1-6159-4890-B718-F0657E56F2E3}.Release|iPhoneSimulator.Deploy.0 = Release|iPhoneSimulator
		{821E8365-9D2F-420C-B33A-010B01805CCF}.Ad-Hoc|Any CPU.ActiveCfg = Debug|Any CPU
		{821E8365-9D2F-420C-B33A-010B01805CCF}.Ad-Hoc|Any CPU.Build.0 = Debug|Any CPU
		{821E8365-9D2F-420C-B33A-010B01805CCF}.Ad-Hoc|Any CPU.Deploy.0 = Debug|Any CPU
		{821E8365-9D2F-420C-B33A-010B01805CCF}.Ad-Hoc|iPhone.ActiveCfg = Debug|Any CPU
		{821E8365-9D2F-420C-B33A-010B01805CCF}.Ad-Hoc|iPhone.Build.0 = Debug|Any CPU
		{821E8365-9D2F-420C-B33A-010B01805CCF}.Ad-Hoc|iPhone.Deploy.0 = Debug|Any CPU
		{821E8365-9D2F-420C-B33A-010B01805CCF}.Ad-Hoc|iPhoneSimulator.ActiveCfg = Debug|Any CPU
		{821E8365-9D2F-420C-B33A-010B01805CCF}.Ad-Hoc|iPhoneSimulator.Build.0 = Debug|Any CPU
		{821E8365-9D2F-420C-B33A-010B01805CCF}.Ad-Hoc|iPhoneSimulator.Deploy.0 = Debug|Any CPU
		{821E8365-9D2F-420C-B33A-010B01805CCF}.AppStore|Any CPU.ActiveCfg = Debug|Any CPU
		{821E8365-9D2F-420C-B33A-010B01805CCF}.AppStore|Any CPU.Build.0 = Debug|Any CPU
		{821E8365-9D2F-420C-B33A-010B01805CCF}.AppStore|Any CPU.Deploy.0 = Debug|Any CPU
		{821E8365-9D2F-420C-B33A-010B01805CCF}.AppStore|iPhone.ActiveCfg = Debug|Any CPU
		{821E8365-9D2F-420C-B33A-010B01805CCF}.AppStore|iPhone.Build.0 = Debug|Any CPU
		{821E8365-9D2F-420C-B33A-010B01805CCF}.AppStore|iPhone.Deploy.0 = Debug|Any CPU
		{821E8365-9D2F-420C-B33A-010B01805CCF}.AppStore|iPhoneSimulator.ActiveCfg = Debug|Any CPU
		{821E8365-9D2F-420C-B33A-010B01805CCF}.AppStore|iPhoneSimulator.Build.0 = Debug|Any CPU
		{821E8365-9D2F-420C-B33A-010B01805CCF}.AppStore|iPhoneSimulator.Deploy.0 = Debug|Any CPU
		{821E8365-9D2F-420C-B33A-010B01805CCF}.Debug|Any CPU.ActiveCfg = Debug|Any CPU
		{821E8365-9D2F-420C-B33A-010B01805CCF}.Debug|Any CPU.Build.0 = Debug|Any CPU
		{821E8365-9D2F-420C-B33A-010B01805CCF}.Debug|Any CPU.Deploy.0 = Debug|Any CPU
		{821E8365-9D2F-420C-B33A-010B01805CCF}.Debug|iPhone.ActiveCfg = Debug|Any CPU
		{821E8365-9D2F-420C-B33A-010B01805CCF}.Debug|iPhone.Build.0 = Debug|Any CPU
		{821E8365-9D2F-420C-B33A-010B01805CCF}.Debug|iPhone.Deploy.0 = Debug|Any CPU
		{821E8365-9D2F-420C-B33A-010B01805CCF}.Debug|iPhoneSimulator.ActiveCfg = Debug|Any CPU
		{821E8365-9D2F-420C-B33A-010B01805CCF}.Debug|iPhoneSimulator.Build.0 = Debug|Any CPU
		{821E8365-9D2F-420C-B33A-010B01805CCF}.Debug|iPhoneSimulator.Deploy.0 = Debug|Any CPU
		{821E8365-9D2F-420C-B33A-010B01805CCF}.Release|Any CPU.ActiveCfg = Release|Any CPU
		{821E8365-9D2F-420C-B33A-010B01805CCF}.Release|Any CPU.Build.0 = Release|Any CPU
		{821E8365-9D2F-420C-B33A-010B01805CCF}.Release|Any CPU.Deploy.0 = Release|Any CPU
		{821E8365-9D2F-420C-B33A-010B01805CCF}.Release|iPhone.ActiveCfg = Release|Any CPU
		{821E8365-9D2F-420C-B33A-010B01805CCF}.Release|iPhone.Build.0 = Release|Any CPU
		{821E8365-9D2F-420C-B33A-010B01805CCF}.Release|iPhone.Deploy.0 = Release|Any CPU
		{821E8365-9D2F-420C-B33A-010B01805CCF}.Release|iPhoneSimulator.ActiveCfg = Release|Any CPU
		{821E8365-9D2F-420C-B33A-010B01805CCF}.Release|iPhoneSimulator.Build.0 = Release|Any CPU
		{821E8365-9D2F-420C-B33A-010B01805CCF}.Release|iPhoneSimulator.Deploy.0 = Release|Any CPU
	EndGlobalSection
	GlobalSection(SolutionProperties) = preSolution
		HideSolutionNode = FALSE
	EndGlobalSection
	GlobalSection(ExtensibilityGlobals) = postSolution
		SolutionGuid = {A02964C9-5320-4FEF-8D4A-6B855BB5D038}
	EndGlobalSection
EndGlobal
